<?xml version="1.0" encoding="utf-8"?>
<Project ToolsVersion="4.0" xmlns="http://schemas.microsoft.com/developer/msbuild/2003">
  <ItemGroup>
    <ClCompile Include="main.cpp" />
    <ClCompile Include="utilities\utilities.cpp" />
    <ClCompile Include="utilities\console\console.cpp" />
    <ClCompile Include="utilities\memory\memory.cpp" />
    <ClCompile Include="utilities\modules\modules.cpp" />
    <ClCompile Include="globals\interfaces\interfaces.cpp" />
  </ItemGroup>
  <ItemGroup>
    <ClInclude Include="game\sdk\includes.h" />
    <ClInclude Include="globals\includes\includes.h" />
    <ClInclude Include="dependencies\lazy_importer\lazy_importer.h" />
    <ClInclude Include="utilities\utilities.h" />
    <ClInclude Include="utilities\console\console.h" />
    <ClInclude Include="dependencies\fnv1a\fnv1a.h" />
    <ClInclude Include="utilities\memory\memory.h" />
    <ClInclude Include="utilities\memory\structs\pe32.h" />
    <ClInclude Include="utilities\modules\modules.h" />
    <ClInclude Include="game\sdk\structs\interface_node_t.h" />
    <ClInclude Include="utilities\memory\virtual.h" />
    <ClInclude Include="game\sdk\classes\c_base_client.h" />
    <ClInclude Include="game\datatypes\datatable.h" />
    <ClInclude Include="game\sdk\classes\c_base_client_dll.h" />
    <ClInclude Include="globals\interfaces\interfaces.h" />
    <ClInclude Include="game\sdk\classes\c_engine_client.h" />
    <ClInclude Include="game\sdk\structs\player_info_t.h" />
    <ClInclude Include="game\sdk\classes\c_net_channel_info.h" />
  </ItemGroup>
  <ItemGroup>
    <None Include=".clang-format" />
  </ItemGroup>
</Project>